
<<<<<<< Updated upstream
<<<<<<< Updated upstream
Microsoft Visual Studio Solution File, Format Version 12.00
# Visual Studio 15
Project("{FAE04EC0-301F-11D3-BF4B-00C04F79EFBC}") = "Assembly-CSharp", "Assembly-CSharp.csproj", "{86FA7D56-BB49-C1CC-1645-363E2A561F48}"
EndProject
=======
=======
>>>>>>> Stashed changes
Microsoft Visual Studio Solution File, Format Version 11.00
# Visual Studio 2010

>>>>>>> Stashed changes
Global
	GlobalSection(SolutionConfigurationPlatforms) = preSolution
		Debug|Any CPU = Debug|Any CPU
		Release|Any CPU = Release|Any CPU
	EndGlobalSection
	GlobalSection(ProjectConfigurationPlatforms) = postSolution
		{86FA7D56-BB49-C1CC-1645-363E2A561F48}.Debug|Any CPU.ActiveCfg = Debug|Any CPU
		{86FA7D56-BB49-C1CC-1645-363E2A561F48}.Debug|Any CPU.Build.0 = Debug|Any CPU
		{86FA7D56-BB49-C1CC-1645-363E2A561F48}.Release|Any CPU.ActiveCfg = Release|Any CPU
		{86FA7D56-BB49-C1CC-1645-363E2A561F48}.Release|Any CPU.Build.0 = Release|Any CPU
	EndGlobalSection
	GlobalSection(SolutionProperties) = preSolution
		HideSolutionNode = FALSE
	EndGlobalSection
EndGlobal
